
Microsoft Visual Studio Solution File, Format Version 12.00
# Visual Studio Version 17
VisualStudioVersion = 17.14.36109.1
MinimumVisualStudioVersion = 10.0.40219.1
Project("{FAE04EC0-301F-11D3-BF4B-00C04F79EFBC}") = "IntercomViewer", "IntercomViewer\IntercomViewer.csproj", "{B56002B9-BF2D-462D-A3EB-87D8CD88F984}"
EndProject
Project("{FAE04EC0-301F-11D3-BF4B-00C04F79EFBC}") = "IntercomViewer.Tests", "IntercomViewer.Tests\IntercomViewer.Tests.csproj", "{E76F5F1B-381E-4095-9F1B-E7458BA43E1C}"
EndProject
Global
	GlobalSection(SolutionConfigurationPlatforms) = preSolution
		Debug|Any CPU = Debug|Any CPU
		Release|Any CPU = Release|Any CPU
	EndGlobalSection
	GlobalSection(ProjectConfigurationPlatforms) = postSolution
		{B56002B9-BF2D-462D-A3EB-87D8CD88F984}.Debug|Any CPU.ActiveCfg = Debug|Any CPU
		{B56002B9-BF2D-462D-A3EB-87D8CD88F984}.Debug|Any CPU.Build.0 = Debug|Any CPU
		{B56002B9-BF2D-462D-A3EB-87D8CD88F984}.Release|Any CPU.ActiveCfg = Release|Any CPU
		{B56002B9-BF2D-462D-A3EB-87D8CD88F984}.Release|Any CPU.Build.0 = Release|Any CPU
		{E76F5F1B-381E-4095-9F1B-E7458BA43E1C}.Debug|Any CPU.ActiveCfg = Debug|Any CPU
		{E76F5F1B-381E-4095-9F1B-E7458BA43E1C}.Debug|Any CPU.Build.0 = Debug|Any CPU
		{E76F5F1B-381E-4095-9F1B-E7458BA43E1C}.Release|Any CPU.ActiveCfg = Release|Any CPU
		{E76F5F1B-381E-4095-9F1B-E7458BA43E1C}.Release|Any CPU.Build.0 = Release|Any CPU
	EndGlobalSection
	GlobalSection(SolutionProperties) = preSolution
		HideSolutionNode = FALSE
	EndGlobalSection
	GlobalSection(ExtensibilityGlobals) = postSolution
		SolutionGuid = {42F615F6-98D0-4AFC-A68F-1AEC03C2C748}
	EndGlobalSection
EndGlobal
